github.com/dustin/go-humanize v1.0.0 h1:VSnTsYCnlFHaM2/igO1h6X3HA71jcobQuxemgkq4zYo=
github.com/dustin/go-humanize v1.0.0/go.mod h1:HtrtbFcZ19U5GC7JDqmcUSB87Iq5E25KnS6fMYU6eOk=
github.com/pegnet/LXR256 v0.0.0-20190615184635-c05cc0ee7381 h1:8FrlvB79SIOYt4xnPMHGZkZDXzrKCuAXjhAOp0BImfY=
github.com/pegnet/LXR256 v0.0.0-20190615184635-c05cc0ee7381/go.mod h1:11Z6s/PoxMH3ON6Kh+2MxNFdaq9op2sgvIAqg52d/3I=
